{
  "version": 4,
  "terraform_version": "0.12.29",
  "serial": 69,
  "lineage": "fae2c345-8825-a271-1d0a-c6dc02739346",
  "outputs": {},
  "resources": [
    {
      "mode": "data",
      "type": "google_client_config",
      "name": "default",
      "provider": "provider.google",
      "instances": [
        {
          "schema_version": 0,
          "attributes": {
            "access_token": "ya29.c.KpYB1QfqyimTb80yB0zrcQE_Q7_eEjdFJm9pBL2L_DgHeEVnBvLER2uMsnRIiYzURj7Q8GN2P2WDQg3HLUYVB8eD1DY_BwIWAsJYndnoGVtoY4eY3nq2H__o6ud6BU31Kojy1tqIpp-J-KT4rjCIYOnHR81uAPD5xJbBFD3nQRH8zkNofHBSudSocAiE0RhR64PO_IAsqf6P",
            "id": "2020-07-26 10:20:22.6871599 +0000 UTC",
            "project": "challnge-lab-gce",
            "region": "us-central1",
            "zone": ""
          }
        }
      ]
    },
    {
      "module": "module.gke",
      "mode": "data",
      "type": "google_client_config",
      "name": "default",
      "provider": "provider.google",
      "instances": [
        {
          "schema_version": 0,
          "attributes": {
            "access_token": "ya29.c.KpYB1QfqyimTb80yB0zrcQE_Q7_eEjdFJm9pBL2L_DgHeEVnBvLER2uMsnRIiYzURj7Q8GN2P2WDQg3HLUYVB8eD1DY_BwIWAsJYndnoGVtoY4eY3nq2H__o6ud6BU31Kojy1tqIpp-J-KT4rjCIYOnHR81uAPD5xJbBFD3nQRH8zkNofHBSudSocAiE0RhR64PO_IAsqf6P",
            "id": "2020-07-26 10:20:22.6850314 +0000 UTC",
            "project": "challnge-lab-gce",
            "region": "us-central1",
            "zone": ""
          }
        }
      ]
    },
    {
      "module": "module.gke",
      "mode": "data",
      "type": "google_compute_subnetwork",
      "name": "gke_subnetwork",
      "each": "list",
      "provider": "provider.google",
      "instances": []
    },
    {
      "module": "module.gke",
      "mode": "data",
      "type": "google_compute_zones",
      "name": "available",
      "provider": "provider.google",
      "instances": [
        {
          "schema_version": 0,
          "attributes": {
            "id": "2020-07-26 10:20:23.3790328 +0000 UTC",
            "names": [
              "us-central1-a",
              "us-central1-b",
              "us-central1-c",
              "us-central1-f"
            ],
            "project": "challnge-lab-gce",
            "region": "us-central1",
            "status": null
          }
        }
      ]
    },
    {
      "module": "module.gke",
      "mode": "data",
      "type": "google_container_engine_versions",
      "name": "region",
      "provider": "provider.google",
      "instances": [
        {
          "schema_version": 0,
          "attributes": {
            "default_cluster_version": "1.14.10-gke.36",
            "id": "2020-07-26 10:20:23.2298099 +0000 UTC",
            "latest_master_version": "1.16.11-gke.5",
            "latest_node_version": "1.16.11-gke.5",
            "location": "us-central1",
            "project": "challnge-lab-gce",
            "region": null,
            "valid_master_versions": [
              "1.16.11-gke.5",
              "1.16.10-gke.8",
              "1.16.9-gke.6",
              "1.16.9-gke.2",
              "1.16.8-gke.15",
              "1.15.12-gke.9",
              "1.15.12-gke.6",
              "1.15.12-gke.3",
              "1.15.12-gke.2",
              "1.15.11-gke.17",
              "1.15.11-gke.15",
              "1.15.9-gke.24",
              "1.14.10-gke.46",
              "1.14.10-gke.45",
              "1.14.10-gke.42",
              "1.14.10-gke.41",
              "1.14.10-gke.40",
              "1.14.10-gke.37",
              "1.14.10-gke.36"
            ],
            "valid_node_versions": [
              "1.16.11-gke.5",
              "1.16.10-gke.8",
              "1.16.9-gke.6",
              "1.16.9-gke.2",
              "1.16.8-gke.15",
              "1.16.8-gke.12",
              "1.16.8-gke.9",
              "1.15.12-gke.9",
              "1.15.12-gke.6",
              "1.15.12-gke.3",
              "1.15.12-gke.2",
              "1.15.11-gke.17",
              "1.15.11-gke.15",
              "1.15.11-gke.13",
              "1.15.11-gke.12",
              "1.15.11-gke.11",
              "1.15.11-gke.9",
              "1.15.11-gke.5",
              "1.15.11-gke.3",
              "1.15.11-gke.1",
              "1.15.9-gke.26",
              "1.15.9-gke.24",
              "1.15.9-gke.22",
              "1.15.9-gke.12",
              "1.15.9-gke.9",
              "1.15.9-gke.8",
              "1.15.8-gke.3",
              "1.15.8-gke.2",
              "1.15.7-gke.23",
              "1.15.7-gke.2",
              "1.15.4-gke.22",
              "1.14.10-gke.46",
              "1.14.10-gke.45",
              "1.14.10-gke.42",
              "1.14.10-gke.41",
              "1.14.10-gke.40",
              "1.14.10-gke.37",
              "1.14.10-gke.36",
              "1.14.10-gke.34",
              "1.14.10-gke.32",
              "1.14.10-gke.31",
              "1.14.10-gke.27",
              "1.14.10-gke.24",
              "1.14.10-gke.22",
              "1.14.10-gke.21",
              "1.14.10-gke.17",
              "1.14.10-gke.0",
              "1.14.9-gke.23",
              "1.14.9-gke.2",
              "1.14.9-gke.0",
              "1.14.8-gke.33",
              "1.14.8-gke.21",
              "1.14.8-gke.18",
              "1.14.8-gke.17",
              "1.14.8-gke.14",
              "1.14.8-gke.12",
              "1.14.8-gke.7",
              "1.14.8-gke.2",
              "1.14.7-gke.40",
              "1.14.7-gke.25",
              "1.14.7-gke.23",
              "1.14.7-gke.17",
              "1.14.7-gke.14",
              "1.14.7-gke.10",
              "1.14.6-gke.13",
              "1.14.6-gke.2",
              "1.14.6-gke.1",
              "1.14.3-gke.11",
              "1.14.3-gke.10",
              "1.14.3-gke.9",
              "1.14.2-gke.9",
              "1.14.1-gke.5",
              "1.13.12-gke.30",
              "1.13.12-gke.25",
              "1.13.12-gke.17",
              "1.13.12-gke.16",
              "1.13.12-gke.14",
              "1.13.12-gke.13",
              "1.13.12-gke.10",
              "1.13.12-gke.8",
              "1.13.12-gke.4",
              "1.13.12-gke.2",
              "1.13.11-gke.23",
              "1.13.11-gke.15",
              "1.13.11-gke.14",
              "1.13.11-gke.12",
              "1.13.11-gke.11",
              "1.13.11-gke.9",
              "1.13.11-gke.5",
              "1.13.10-gke.7",
              "1.13.10-gke.0",
              "1.13.9-gke.11",
              "1.13.9-gke.3",
              "1.13.7-gke.24",
              "1.13.7-gke.19",
              "1.13.7-gke.15",
              "1.13.7-gke.8",
              "1.13.7-gke.0",
              "1.13.6-gke.13",
              "1.13.6-gke.6",
              "1.13.6-gke.5",
              "1.13.6-gke.0",
              "1.13.5-gke.10",
              "1.12.10-gke.22",
              "1.12.10-gke.20",
              "1.12.10-gke.19",
              "1.12.10-gke.18",
              "1.12.10-gke.17",
              "1.12.10-gke.15",
              "1.12.10-gke.13",
              "1.12.10-gke.11",
              "1.12.10-gke.5",
              "1.12.9-gke.16",
              "1.12.9-gke.15",
              "1.12.9-gke.13",
              "1.12.9-gke.10",
              "1.12.9-gke.7",
              "1.12.9-gke.3",
              "1.12.8-gke.12",
              "1.12.8-gke.10",
              "1.12.8-gke.7",
              "1.12.8-gke.6",
              "1.12.7-gke.26",
              "1.12.7-gke.25",
              "1.12.7-gke.24",
              "1.12.7-gke.22",
              "1.12.7-gke.21",
              "1.12.7-gke.17",
              "1.12.7-gke.10",
              "1.12.7-gke.7",
              "1.12.6-gke.11",
              "1.12.6-gke.10",
              "1.12.6-gke.7",
              "1.12.5-gke.10",
              "1.12.5-gke.5",
              "1.11.10-gke.6",
              "1.11.10-gke.5",
              "1.11.10-gke.4",
              "1.11.9-gke.13",
              "1.11.9-gke.8",
              "1.11.9-gke.5",
              "1.11.8-gke.10",
              "1.11.8-gke.6",
              "1.11.8-gke.5",
              "1.11.8-gke.4",
              "1.11.7-gke.18",
              "1.11.7-gke.12",
              "1.11.7-gke.6",
              "1.11.7-gke.4",
              "1.11.6-gke.16",
              "1.11.6-gke.11",
              "1.11.6-gke.6",
              "1.11.6-gke.3",
              "1.11.6-gke.2",
              "1.11.6-gke.0",
              "1.11.5-gke.5",
              "1.11.5-gke.4",
              "1.11.4-gke.13",
              "1.11.4-gke.12",
              "1.11.4-gke.8",
              "1.11.3-gke.24",
              "1.11.3-gke.23",
              "1.11.3-gke.18",
              "1.11.2-gke.26",
              "1.11.2-gke.25",
              "1.11.2-gke.20",
              "1.11.2-gke.18",
              "1.11.2-gke.15",
              "1.11.2-gke.9",
              "1.10.12-gke.14",
              "1.10.12-gke.9",
              "1.10.12-gke.7",
              "1.10.12-gke.1",
              "1.10.12-gke.0",
              "1.10.11-gke.1",
              "1.10.9-gke.7",
              "1.10.9-gke.5",
              "1.10.9-gke.3",
              "1.10.9-gke.0",
              "1.10.7-gke.13",
              "1.10.7-gke.11",
              "1.10.7-gke.9",
              "1.10.7-gke.6",
              "1.10.7-gke.2",
              "1.10.7-gke.1",
              "1.10.6-gke.13",
              "1.10.6-gke.11",
              "1.10.6-gke.9",
              "1.10.6-gke.6",
              "1.10.6-gke.4",
              "1.10.6-gke.3",
              "1.10.6-gke.2",
              "1.10.6-gke.1",
              "1.10.5-gke.4",
              "1.10.5-gke.3",
              "1.10.5-gke.2",
              "1.10.5-gke.0",
              "1.10.4-gke.3",
              "1.10.4-gke.2",
              "1.10.4-gke.0",
              "1.10.2-gke.4",
              "1.10.2-gke.3",
              "1.10.2-gke.1",
              "1.9.7-gke.11",
              "1.9.7-gke.7",
              "1.9.7-gke.6",
              "1.9.7-gke.5",
              "1.9.7-gke.4",
              "1.9.7-gke.3",
              "1.9.7-gke.1",
              "1.9.7-gke.0",
              "1.9.6-gke.2",
              "1.9.6-gke.1",
              "1.9.3-gke.0",
              "1.8.12-gke.3",
              "1.8.12-gke.2",
              "1.8.12-gke.1",
              "1.8.12-gke.0",
              "1.8.10-gke.2",
              "1.8.10-gke.0",
              "1.8.9-gke.1",
              "1.8.8-gke.0",
              "1.7.15-gke.0",
              "1.7.12-gke.2",
              "1.6.13-gke.1"
            ],
            "version_prefix": null,
            "zone": null
          }
        }
      ]
    },
    {
      "module": "module.gke",
      "mode": "data",
      "type": "google_container_engine_versions",
      "name": "zone",
      "provider": "provider.google",
      "instances": [
        {
          "schema_version": 0,
          "attributes": {
            "default_cluster_version": "1.14.10-gke.36",
            "id": "2020-07-26 10:20:23.7636328 +0000 UTC",
            "latest_master_version": "1.16.11-gke.5",
            "latest_node_version": "1.16.11-gke.5",
            "location": "us-central1-a",
            "project": "challnge-lab-gce",
            "region": null,
            "valid_master_versions": [
              "1.16.11-gke.5",
              "1.16.10-gke.8",
              "1.16.9-gke.6",
              "1.16.9-gke.2",
              "1.16.8-gke.15",
              "1.15.12-gke.9",
              "1.15.12-gke.6",
              "1.15.12-gke.3",
              "1.15.12-gke.2",
              "1.15.11-gke.17",
              "1.15.11-gke.15",
              "1.15.9-gke.24",
              "1.14.10-gke.46",
              "1.14.10-gke.45",
              "1.14.10-gke.42",
              "1.14.10-gke.41",
              "1.14.10-gke.40",
              "1.14.10-gke.37",
              "1.14.10-gke.36"
            ],
            "valid_node_versions": [
              "1.16.11-gke.5",
              "1.16.10-gke.8",
              "1.16.9-gke.6",
              "1.16.9-gke.2",
              "1.16.8-gke.15",
              "1.16.8-gke.12",
              "1.16.8-gke.9",
              "1.15.12-gke.9",
              "1.15.12-gke.6",
              "1.15.12-gke.3",
              "1.15.12-gke.2",
              "1.15.11-gke.17",
              "1.15.11-gke.15",
              "1.15.11-gke.13",
              "1.15.11-gke.12",
              "1.15.11-gke.11",
              "1.15.11-gke.9",
              "1.15.11-gke.5",
              "1.15.11-gke.3",
              "1.15.11-gke.1",
              "1.15.9-gke.26",
              "1.15.9-gke.24",
              "1.15.9-gke.22",
              "1.15.9-gke.12",
              "1.15.9-gke.9",
              "1.15.9-gke.8",
              "1.15.8-gke.3",
              "1.15.8-gke.2",
              "1.15.7-gke.23",
              "1.15.7-gke.2",
              "1.15.4-gke.22",
              "1.14.10-gke.46",
              "1.14.10-gke.45",
              "1.14.10-gke.42",
              "1.14.10-gke.41",
              "1.14.10-gke.40",
              "1.14.10-gke.37",
              "1.14.10-gke.36",
              "1.14.10-gke.34",
              "1.14.10-gke.32",
              "1.14.10-gke.31",
              "1.14.10-gke.27",
              "1.14.10-gke.24",
              "1.14.10-gke.22",
              "1.14.10-gke.21",
              "1.14.10-gke.17",
              "1.14.10-gke.0",
              "1.14.9-gke.23",
              "1.14.9-gke.2",
              "1.14.9-gke.0",
              "1.14.8-gke.33",
              "1.14.8-gke.21",
              "1.14.8-gke.18",
              "1.14.8-gke.17",
              "1.14.8-gke.14",
              "1.14.8-gke.12",
              "1.14.8-gke.7",
              "1.14.8-gke.2",
              "1.14.7-gke.40",
              "1.14.7-gke.25",
              "1.14.7-gke.23",
              "1.14.7-gke.17",
              "1.14.7-gke.14",
              "1.14.7-gke.10",
              "1.14.6-gke.13",
              "1.14.6-gke.2",
              "1.14.6-gke.1",
              "1.14.3-gke.11",
              "1.14.3-gke.10",
              "1.14.3-gke.9",
              "1.14.2-gke.9",
              "1.14.1-gke.5",
              "1.13.12-gke.30",
              "1.13.12-gke.25",
              "1.13.12-gke.17",
              "1.13.12-gke.16",
              "1.13.12-gke.14",
              "1.13.12-gke.13",
              "1.13.12-gke.10",
              "1.13.12-gke.8",
              "1.13.12-gke.4",
              "1.13.12-gke.2",
              "1.13.11-gke.23",
              "1.13.11-gke.15",
              "1.13.11-gke.14",
              "1.13.11-gke.12",
              "1.13.11-gke.11",
              "1.13.11-gke.9",
              "1.13.11-gke.5",
              "1.13.10-gke.7",
              "1.13.10-gke.0",
              "1.13.9-gke.11",
              "1.13.9-gke.3",
              "1.13.7-gke.24",
              "1.13.7-gke.19",
              "1.13.7-gke.15",
              "1.13.7-gke.8",
              "1.13.7-gke.0",
              "1.13.6-gke.13",
              "1.13.6-gke.6",
              "1.13.6-gke.5",
              "1.13.6-gke.0",
              "1.13.5-gke.10",
              "1.12.10-gke.22",
              "1.12.10-gke.20",
              "1.12.10-gke.19",
              "1.12.10-gke.18",
              "1.12.10-gke.17",
              "1.12.10-gke.15",
              "1.12.10-gke.13",
              "1.12.10-gke.11",
              "1.12.10-gke.5",
              "1.12.9-gke.16",
              "1.12.9-gke.15",
              "1.12.9-gke.13",
              "1.12.9-gke.10",
              "1.12.9-gke.7",
              "1.12.9-gke.3",
              "1.12.8-gke.12",
              "1.12.8-gke.10",
              "1.12.8-gke.7",
              "1.12.8-gke.6",
              "1.12.7-gke.26",
              "1.12.7-gke.25",
              "1.12.7-gke.24",
              "1.12.7-gke.22",
              "1.12.7-gke.21",
              "1.12.7-gke.17",
              "1.12.7-gke.10",
              "1.12.7-gke.7",
              "1.12.6-gke.11",
              "1.12.6-gke.10",
              "1.12.6-gke.7",
              "1.12.5-gke.10",
              "1.12.5-gke.5",
              "1.11.10-gke.6",
              "1.11.10-gke.5",
              "1.11.10-gke.4",
              "1.11.9-gke.13",
              "1.11.9-gke.8",
              "1.11.9-gke.5",
              "1.11.8-gke.10",
              "1.11.8-gke.6",
              "1.11.8-gke.5",
              "1.11.8-gke.4",
              "1.11.7-gke.18",
              "1.11.7-gke.12",
              "1.11.7-gke.6",
              "1.11.7-gke.4",
              "1.11.6-gke.16",
              "1.11.6-gke.11",
              "1.11.6-gke.6",
              "1.11.6-gke.3",
              "1.11.6-gke.2",
              "1.11.6-gke.0",
              "1.11.5-gke.5",
              "1.11.5-gke.4",
              "1.11.4-gke.13",
              "1.11.4-gke.12",
              "1.11.4-gke.8",
              "1.11.3-gke.24",
              "1.11.3-gke.23",
              "1.11.3-gke.18",
              "1.11.2-gke.26",
              "1.11.2-gke.25",
              "1.11.2-gke.20",
              "1.11.2-gke.18",
              "1.11.2-gke.15",
              "1.11.2-gke.9",
              "1.10.12-gke.14",
              "1.10.12-gke.9",
              "1.10.12-gke.7",
              "1.10.12-gke.1",
              "1.10.12-gke.0",
              "1.10.11-gke.1",
              "1.10.9-gke.7",
              "1.10.9-gke.5",
              "1.10.9-gke.3",
              "1.10.9-gke.0",
              "1.10.7-gke.13",
              "1.10.7-gke.11",
              "1.10.7-gke.9",
              "1.10.7-gke.6",
              "1.10.7-gke.2",
              "1.10.7-gke.1",
              "1.10.6-gke.13",
              "1.10.6-gke.11",
              "1.10.6-gke.9",
              "1.10.6-gke.6",
              "1.10.6-gke.4",
              "1.10.6-gke.3",
              "1.10.6-gke.2",
              "1.10.6-gke.1",
              "1.10.5-gke.4",
              "1.10.5-gke.3",
              "1.10.5-gke.2",
              "1.10.5-gke.0",
              "1.10.4-gke.3",
              "1.10.4-gke.2",
              "1.10.4-gke.0",
              "1.10.2-gke.4",
              "1.10.2-gke.3",
              "1.10.2-gke.1",
              "1.9.7-gke.11",
              "1.9.7-gke.7",
              "1.9.7-gke.6",
              "1.9.7-gke.5",
              "1.9.7-gke.4",
              "1.9.7-gke.3",
              "1.9.7-gke.1",
              "1.9.7-gke.0",
              "1.9.6-gke.2",
              "1.9.6-gke.1",
              "1.9.3-gke.0",
              "1.8.12-gke.3",
              "1.8.12-gke.2",
              "1.8.12-gke.1",
              "1.8.12-gke.0",
              "1.8.10-gke.2",
              "1.8.10-gke.0",
              "1.8.9-gke.1",
              "1.8.8-gke.0",
              "1.7.15-gke.0",
              "1.7.12-gke.2",
              "1.6.13-gke.1"
            ],
            "version_prefix": null,
            "zone": null
          }
        }
      ]
    },
    {
      "module": "module.gke",
      "mode": "managed",
      "type": "google_compute_firewall",
      "name": "intra_egress",
      "each": "list",
      "provider": "provider.google",
      "instances": []
    },
    {
      "module": "module.gke",
      "mode": "managed",
      "type": "google_compute_firewall",
      "name": "master_webhooks",
      "each": "list",
      "provider": "provider.google",
      "instances": []
    },
    {
      "module": "module.gke",
      "mode": "managed",
      "type": "google_container_cluster",
      "name": "primary",
      "provider": "provider.google",
      "instances": [
        {
          "schema_version": 1,
          "attributes": {
            "additional_zones": [],
            "addons_config": [
              {
                "horizontal_pod_autoscaling": [
                  {
                    "disabled": false
                  }
                ],
                "http_load_balancing": [
                  {
                    "disabled": false
                  }
                ],
                "kubernetes_dashboard": [],
                "network_policy_config": [
                  {
                    "disabled": true
                  }
                ]
              }
            ],
            "authenticator_groups_config": [],
            "cluster_autoscaling": [
              {
                "auto_provisioning_defaults": [],
                "enabled": false,
                "resource_limits": []
              }
            ],
            "cluster_ipv4_cidr": "10.20.0.0/14",
            "default_max_pods_per_node": 110,
            "description": "",
            "enable_binary_authorization": false,
            "enable_intranode_visibility": null,
            "enable_kubernetes_alpha": false,
            "enable_legacy_abac": false,
            "enable_tpu": null,
            "endpoint": "35.188.91.164",
            "id": "projects/challnge-lab-gce/locations/us-central1/clusters/supernew",
            "initial_node_count": 0,
            "instance_group_urls": [],
            "ip_allocation_policy": [
              {
                "cluster_ipv4_cidr_block": "10.20.0.0/14",
                "cluster_secondary_range_name": "gke-supernew-pods-f80bf707",
                "node_ipv4_cidr_block": "",
                "services_ipv4_cidr_block": "10.0.0.0/20",
                "services_secondary_range_name": "gke-supernew-services-f80bf707",
                "subnetwork_name": ""
              }
            ],
            "label_fingerprint": "a9dc16a7",
            "location": "us-central1",
            "logging_service": "logging.googleapis.com/kubernetes",
            "maintenance_policy": [
              {
                "daily_maintenance_window": [
                  {
                    "duration": "PT4H0M0S",
                    "start_time": "05:00"
                  }
                ],
                "recurring_window": []
              }
            ],
            "master_auth": [
              {
                "client_certificate": "",
                "client_certificate_config": [
                  {
                    "issue_client_certificate": false
                  }
                ],
                "client_key": "",
                "cluster_ca_certificate": "LS0tLS1CRUdJTiBDRVJUSUZJQ0FURS0tLS0tCk1JSURDekNDQWZPZ0F3SUJBZ0lRSW9RaUNBeG5GYTc4cm94OUJVVTlSVEFOQmdrcWhraUc5dzBCQVFzRkFEQXYKTVMwd0t3WURWUVFERXlSbU1XVTNOVGhrTWkxbE1URTNMVFJoTXpjdE9XTTFaUzFsWWpCa09HWTJORGxsWm1FdwpIaGNOTWpBd056STJNRGt5TURJNVdoY05NalV3TnpJMU1UQXlNREk1V2pBdk1TMHdLd1lEVlFRREV5Um1NV1UzCk5UaGtNaTFsTVRFM0xUUmhNemN0T1dNMVpTMWxZakJrT0dZMk5EbGxabUV3Z2dFaU1BMEdDU3FHU0liM0RRRUIKQVFVQUE0SUJEd0F3Z2dFS0FvSUJBUUNQNVY3RjVjQjdwUzlZQXhROWdGQmJYZnpyRFM4cDc2N29WUUdqYituOQpvUU82elVIN0R6bmFjRTMvcHVoQ3NZL0wxTmtZNC9wdkVqZUVlTjROVExlbVdmOGNwQTFKNEdnTHdhL04zUGgwCmwxWTBOZHIrS3RrK3JFTElrSUwwQ1NtRFN2VzVJYjlpUk5qc2hPeFA4RXJ4TENUN05oRzdMV0FiZ1F4cFJSRSsKdkZuVXlLWVRlVXpmTk5OelIwbmhOUWw1WWNRZ2tOR3hFbWxYZjhkeVpROFU0QTBlWlU2NnBNYUVJLy9wL3RVeApkQWZMSDFVVXlzSGJCbEhUREdQRDFLWVhncDNmVHU1amVKb1p6YmRmZkdCRGxqVjFXbGtvcHBWZkk2eDFwVHVDCktFUzhWbWEwN09Gc1F0ZXUvUEdIWWZOVzE5RFJOdjhEeFF0blNPVC9LMTloQWdNQkFBR2pJekFoTUE0R0ExVWQKRHdFQi93UUVBd0lDQkRBUEJnTlZIUk1CQWY4RUJUQURBUUgvTUEwR0NTcUdTSWIzRFFFQkN3VUFBNElCQVFBMgpZWW1Ga2twS0xGdTVyWFQ4Y1JoZmpxeXVWcnB3MkQwNXlaOVQ5ZHFlTlJ3bDYwTitEMmNlWVhVSG5Vdm5pRzJFCnN2ODYvY0EvVTNzcHNhV3FmT1Jyc0hjcHR6MWxKbGJ2NXU3QUJwQm1wYmswdXBSdmZtVXZlMk1JQllvd3B2Z1AKSEJDa3B5ZWdlZXNNZEdtazcxUS81cE5GaXI3OWk0Z2dacVpjS1RxOUxZcldKTFQybVlacmZDa2Q4U1RPSDR2KwpmUndXVk10d0hmWXJVNXBDcXpQQjdyQkNjNTJBUW5MOWRqaEpJRG42YkZTZnV1SXRMT25XeVZGOHdNdTJPMUU5Ck1rbkp1MGp5czBHRW8yeU5tSHQ2VzA1UHQxL1VhMUVPcWVCVFE5Tmwrekk2K1orbmhBd0pWekZ5UGVsQ2F2eE0KbGd6WmFrVHZhYk9xcm55b2x4Z0YKLS0tLS1FTkQgQ0VSVElGSUNBVEUtLS0tLQo=",
                "password": "",
                "username": ""
              }
            ],
            "master_authorized_networks_config": [],
            "master_version": "1.14.10-gke.36",
            "min_master_version": "1.14.10-gke.36",
            "monitoring_service": "monitoring.googleapis.com/kubernetes",
            "name": "supernew",
            "network": "projects/challnge-lab-gce/global/networks/default",
            "network_policy": [
              {
                "enabled": false,
                "provider": ""
              }
            ],
            "node_config": [],
            "node_locations": [
              "us-central1-a",
              "us-central1-b",
              "us-central1-f"
            ],
            "node_pool": [],
            "node_version": "1.14.10-gke.36",
            "operation": null,
            "pod_security_policy_config": null,
            "private_cluster_config": [],
            "project": "challnge-lab-gce",
            "region": null,
            "remove_default_node_pool": true,
            "resource_labels": null,
            "resource_usage_export_config": [],
            "services_ipv4_cidr": "10.0.0.0/20",
            "subnetwork": "projects/challnge-lab-gce/regions/us-central1/subnetworks/default",
            "timeouts": {
              "create": "45m",
              "delete": "45m",
              "update": "45m"
            },
            "vertical_pod_autoscaling": [],
            "zone": null
          },
          "private": "eyJlMmJmYjczMC1lY2FhLTExZTYtOGY4OC0zNDM2M2JjN2M0YzAiOnsiY3JlYXRlIjoyNzAwMDAwMDAwMDAwLCJkZWxldGUiOjI3MDAwMDAwMDAwMDAsInVwZGF0ZSI6MjcwMDAwMDAwMDAwMH0sInNjaGVtYV92ZXJzaW9uIjoiMSJ9",
          "dependencies": [
            "module.gke.google_service_account.cluster_service_account",
            "module.gke.random_shuffle.available_zones"
          ]
        }
      ]
    },
    {
      "module": "module.gke",
      "mode": "managed",
      "type": "google_container_node_pool",
      "name": "pools",
      "each": "map",
      "provider": "provider.google",
      "instances": [
        {
          "index_key": "default-node-pool",
          "schema_version": 1,
          "attributes": {
            "autoscaling": [
              {
                "max_node_count": 4,
                "min_node_count": 2
              }
            ],
            "cluster": "supernew",
            "id": "projects/challnge-lab-gce/locations/us-central1/clusters/supernew/nodePools/default-node-pool",
            "initial_node_count": 1,
            "instance_group_urls": [
              "https://www.googleapis.com/compute/v1/projects/challnge-lab-gce/zones/us-central1-b/instanceGroupManagers/gke-supernew-default-node-pool-2eec91e2-grp",
              "https://www.googleapis.com/compute/v1/projects/challnge-lab-gce/zones/us-central1-f/instanceGroupManagers/gke-supernew-default-node-pool-fbc03678-grp",
              "https://www.googleapis.com/compute/v1/projects/challnge-lab-gce/zones/us-central1-a/instanceGroupManagers/gke-supernew-default-node-pool-07a9584b-grp"
            ],
            "location": "us-central1",
            "management": [
              {
                "auto_repair": true,
                "auto_upgrade": true
              }
            ],
            "max_pods_per_node": 110,
            "name": "default-node-pool",
            "name_prefix": "",
            "node_config": [
              {
                "disk_size_gb": 100,
                "disk_type": "pd-standard",
                "guest_accelerator": [],
                "image_type": "COS",
                "labels": {
                  "cluster_name": "supernew",
                  "default-node-pool": "true",
                  "node_pool": "default-node-pool"
                },
                "local_ssd_count": 0,
                "machine_type": "n1-standard-1",
                "metadata": {
                  "cluster_name": "supernew",
                  "disable-legacy-endpoints": "true",
                  "node_pool": "default-node-pool"
                },
                "min_cpu_platform": "",
                "oauth_scopes": [
                  "https://www.googleapis.com/auth/devstorage.read_only",
                  "https://www.googleapis.com/auth/logging.write",
                  "https://www.googleapis.com/auth/monitoring",
                  "https://www.googleapis.com/auth/ndev.clouddns.readwrite",
                  "https://www.googleapis.com/auth/service.management.readonly",
                  "https://www.googleapis.com/auth/servicecontrol",
                  "https://www.googleapis.com/auth/trace.append"
                ],
                "preemptible": false,
                "sandbox_config": [],
                "service_account": "default",
                "shielded_instance_config": [
                  {
                    "enable_integrity_monitoring": true,
                    "enable_secure_boot": false
                  }
                ],
                "tags": [
                  "gke-supernew",
                  "gke-supernew-default-node-pool",
                  "default-node-pool"
                ],
                "taint": [],
                "workload_metadata_config": []
              }
            ],
            "node_count": 1,
            "project": "challnge-lab-gce",
            "region": null,
            "timeouts": {
              "create": "45m",
              "delete": "45m",
              "update": "45m"
            },
            "upgrade_settings": [
              {
                "max_surge": 1,
                "max_unavailable": 0
              }
            ],
            "version": "1.14.10-gke.36",
            "zone": null
          },
          "private": "eyJlMmJmYjczMC1lY2FhLTExZTYtOGY4OC0zNDM2M2JjN2M0YzAiOnsiY3JlYXRlIjoyNzAwMDAwMDAwMDAwLCJkZWxldGUiOjI3MDAwMDAwMDAwMDAsInVwZGF0ZSI6MjcwMDAwMDAwMDAwMH0sInNjaGVtYV92ZXJzaW9uIjoiMSJ9",
          "dependencies": [
            "module.gke.google_container_cluster.primary",
            "module.gke.google_service_account.cluster_service_account",
            "module.gke.random_shuffle.available_zones"
          ]
        }
      ]
    },
    {
      "module": "module.gke",
      "mode": "managed",
      "type": "google_project_iam_member",
      "name": "cluster_service_account-gcr",
      "each": "list",
      "provider": "provider.google",
      "instances": []
    },
    {
      "module": "module.gke",
      "mode": "managed",
      "type": "google_project_iam_member",
      "name": "cluster_service_account-log_writer",
      "each": "list",
      "provider": "provider.google",
      "instances": []
    },
    {
      "module": "module.gke",
      "mode": "managed",
      "type": "google_project_iam_member",
      "name": "cluster_service_account-metric_writer",
      "each": "list",
      "provider": "provider.google",
      "instances": []
    },
    {
      "module": "module.gke",
      "mode": "managed",
      "type": "google_project_iam_member",
      "name": "cluster_service_account-monitoring_viewer",
      "each": "list",
      "provider": "provider.google",
      "instances": []
    },
    {
      "module": "module.gke",
      "mode": "managed",
      "type": "google_project_iam_member",
      "name": "cluster_service_account-resourceMetadata-writer",
      "each": "list",
      "provider": "provider.google",
      "instances": []
    },
    {
      "module": "module.gke",
      "mode": "managed",
      "type": "google_service_account",
      "name": "cluster_service_account",
      "each": "list",
      "provider": "provider.google",
      "instances": []
    },
    {
      "module": "module.gke",
      "mode": "managed",
      "type": "kubernetes_config_map",
      "name": "ip-masq-agent",
      "each": "list",
      "provider": "module.gke.provider.kubernetes",
      "instances": []
    },
    {
      "module": "module.gke",
      "mode": "managed",
      "type": "kubernetes_config_map",
      "name": "kube-dns",
      "each": "list",
      "provider": "module.gke.provider.kubernetes",
      "instances": []
    },
    {
      "module": "module.gke",
      "mode": "managed",
      "type": "kubernetes_config_map",
      "name": "kube-dns-upstream-nameservers-and-stub-domains",
      "each": "list",
      "provider": "module.gke.provider.kubernetes",
      "instances": []
    },
    {
      "module": "module.gke",
      "mode": "managed",
      "type": "kubernetes_config_map",
      "name": "kube-dns-upstream-namservers",
      "each": "list",
      "provider": "module.gke.provider.kubernetes",
      "instances": []
    },
    {
      "module": "module.gke",
      "mode": "managed",
      "type": "null_resource",
      "name": "delete_default_kube_dns_configmap",
      "each": "list",
      "provider": "provider.null",
      "instances": []
    },
    {
      "module": "module.gke",
      "mode": "managed",
      "type": "null_resource",
      "name": "wait_for_cluster",
      "each": "list",
      "provider": "provider.null",
      "instances": [
        {
          "index_key": 0,
          "schema_version": 0,
          "attributes": {
            "id": "4768967344622642788",
            "triggers": {
              "name": "supernew",
              "project_id": "challnge-lab-gce"
            }
          },
          "private": "bnVsbA==",
          "dependencies": [
            "module.gke.google_container_cluster.primary",
            "module.gke.google_container_node_pool.pools",
            "module.gke.google_service_account.cluster_service_account",
            "module.gke.random_shuffle.available_zones"
          ]
        }
      ]
    },
    {
      "module": "module.gke",
      "mode": "managed",
      "type": "random_shuffle",
      "name": "available_zones",
      "provider": "provider.random",
      "instances": [
        {
          "schema_version": 0,
          "attributes": {
            "id": "-",
            "input": [
              "us-central1-a",
              "us-central1-b",
              "us-central1-c",
              "us-central1-f"
            ],
            "keepers": null,
            "result": [
              "us-central1-a",
              "us-central1-b",
              "us-central1-f"
            ],
            "result_count": 3,
            "seed": null
          },
          "private": "bnVsbA=="
        }
      ]
    },
    {
      "module": "module.gke",
      "mode": "managed",
      "type": "random_string",
      "name": "cluster_service_account_suffix",
      "provider": "provider.random",
      "instances": [
        {
          "schema_version": 1,
          "attributes": {
            "id": "nsf3",
            "keepers": null,
            "length": 4,
            "lower": true,
            "min_lower": 0,
            "min_numeric": 0,
            "min_special": 0,
            "min_upper": 0,
            "number": true,
            "override_special": null,
            "result": "nsf3",
            "special": false,
            "upper": false
          },
          "private": "eyJzY2hlbWFfdmVyc2lvbiI6IjEifQ=="
        }
      ]
    }
  ]
}
